
Microsoft Visual Studio Solution File, Format Version 12.00
# Visual Studio Version 17
VisualStudioVersion = 17.0.32112.339
MinimumVisualStudioVersion = 10.0.40219.1
Project("{FAE04EC0-301F-11D3-BF4B-00C04F79EFBC}") = "CalculatorApp", "CalculatorApp.csproj", "{E2DEE50F-4440-4D23-B34E-477321DE5B13}"
EndProject
Global
	GlobalSection(SolutionConfigurationPlatforms) = preSolution
		Debug|Any CPU = Debug|Any CPU
		Release|Any CPU = Release|Any CPU
	EndGlobalSection
	GlobalSection(ProjectConfigurationPlatforms) = postSolution
		{E2DEE50F-4440-4D23-B34E-477321DE5B13}.Debug|Any CPU.ActiveCfg = Debug|Any CPU
		{E2DEE50F-4440-4D23-B34E-477321DE5B13}.Debug|Any CPU.Build.0 = Debug|Any CPU
		{E2DEE50F-4440-4D23-B34E-477321DE5B13}.Release|Any CPU.ActiveCfg = Release|Any CPU
		{E2DEE50F-4440-4D23-B34E-477321DE5B13}.Release|Any CPU.Build.0 = Release|Any CPU
	EndGlobalSection
	GlobalSection(SolutionProperties) = preSolution
		HideSolutionNode = FALSE
	EndGlobalSection
	GlobalSection(ExtensibilityGlobals) = postSolution
		SolutionGuid = {6B4161A2-2273-4074-8A62-1427C233E73E}
	EndGlobalSection
EndGlobal
